
Microsoft Visual Studio Solution File, Format Version 12.00
# Visual Studio Version 17
VisualStudioVersion = 17.6.33829.357
MinimumVisualStudioVersion = 10.0.40219.1
Project("{FAE04EC0-301F-11D3-BF4B-00C04F79EFBC}") = "IdentityApp", "IdentityApp.csproj", "{AC45AD9E-AF12-4AB7-87B1-DCA2CC963646}"
EndProject
Global
	GlobalSection(SolutionConfigurationPlatforms) = preSolution
		Debug|Any CPU = Debug|Any CPU
		Release|Any CPU = Release|Any CPU
	EndGlobalSection
	GlobalSection(ProjectConfigurationPlatforms) = postSolution
		{AC45AD9E-AF12-4AB7-87B1-DCA2CC963646}.Debug|Any CPU.ActiveCfg = Debug|Any CPU
		{AC45AD9E-AF12-4AB7-87B1-DCA2CC963646}.Debug|Any CPU.Build.0 = Debug|Any CPU
		{AC45AD9E-AF12-4AB7-87B1-DCA2CC963646}.Release|Any CPU.ActiveCfg = Release|Any CPU
		{AC45AD9E-AF12-4AB7-87B1-DCA2CC963646}.Release|Any CPU.Build.0 = Release|Any CPU
	EndGlobalSection
	GlobalSection(SolutionProperties) = preSolution
		HideSolutionNode = FALSE
	EndGlobalSection
	GlobalSection(ExtensibilityGlobals) = postSolution
		SolutionGuid = {FBD7E15A-8A6E-4588-BBA8-BCA139ACD3EA}
	EndGlobalSection
EndGlobal
